
Microsoft Visual Studio Solution File, Format Version 12.00
# Visual Studio Version 16
VisualStudioVersion = 16.0.32106.194
MinimumVisualStudioVersion = 10.0.40219.1
Project("{FAE04EC0-301F-11D3-BF4B-00C04F79EFBC}") = "Nota S", "Nota S\Nota S.csproj", "{F06009F5-E236-4A5B-80AD-BAACFDCEA64E}"
EndProject
Global
	GlobalSection(SolutionConfigurationPlatforms) = preSolution
		Debug|Any CPU = Debug|Any CPU
		Release|Any CPU = Release|Any CPU
	EndGlobalSection
	GlobalSection(ProjectConfigurationPlatforms) = postSolution
		{F06009F5-E236-4A5B-80AD-BAACFDCEA64E}.Debug|Any CPU.ActiveCfg = Debug|Any CPU
		{F06009F5-E236-4A5B-80AD-BAACFDCEA64E}.Debug|Any CPU.Build.0 = Debug|Any CPU
		{F06009F5-E236-4A5B-80AD-BAACFDCEA64E}.Release|Any CPU.ActiveCfg = Release|Any CPU
		{F06009F5-E236-4A5B-80AD-BAACFDCEA64E}.Release|Any CPU.Build.0 = Release|Any CPU
	EndGlobalSection
	GlobalSection(SolutionProperties) = preSolution
		HideSolutionNode = FALSE
	EndGlobalSection
	GlobalSection(ExtensibilityGlobals) = postSolution
		SolutionGuid = {19B6A6D8-1448-4593-B817-316D22BDBDED}
	EndGlobalSection
EndGlobal
